<?xml version="1.0" encoding="utf-8"?>
<Project ToolsVersion="4.0" xmlns="http://schemas.microsoft.com/developer/msbuild/2003">
  <ItemGroup>
    <Filter Include="Source Files">
      <UniqueIdentifier>{4FC737F1-C7A5-4376-A066-2A32D752A2FF}</UniqueIdentifier>
      <Extensions>cpp;c;cc;cxx;def;odl;idl;hpj;bat;asm;asmx</Extensions>
    </Filter>
    <Filter Include="Header Files">
      <UniqueIdentifier>{93995380-89BD-4b04-88EB-625FBE52EBFB}</UniqueIdentifier>
      <Extensions>h;hh;hpp;hxx;hm;inl;inc;ipp;xsd</Extensions>
    </Filter>
    <Filter Include="Resource Files">
      <UniqueIdentifier>{67DA6AB6-F800-4c08-8B7A-83BB121AAD01}</UniqueIdentifier>
      <Extensions>rc;ico;cur;bmp;dlg;rc2;rct;bin;rgs;gif;jpg;jpeg;jpe;resx;tiff;tif;png;wav;mfcribbon-ms</Extensions>
    </Filter>
    <Filter Include="Header Files\platform">
      <UniqueIdentifier>{10c238cc-72cc-454a-a045-9140bc9c05e2}</UniqueIdentifier>
    </Filter>
    <Filter Include="Source Files\platform">
      <UniqueIdentifier>{9b228390-0074-49c8-badb-48fc7567d70a}</UniqueIdentifier>
    </Filter>
    <Filter Include="Source Files\thirdparty">
      <UniqueIdentifier>{f2dc4115-4d60-42ff-b153-f1485107eff0}</UniqueIdentifier>
    </Filter>
    <Filter Include="Source Files\thirdparty\glad">
      <UniqueIdentifier>{056b2fb4-7371-4e37-95c1-77306290fc8a}</UniqueIdentifier>
    </Filter>
  </ItemGroup>
  <ItemGroup>
    <ClCompile Include="src\platform\PlatformFriendInterface.cpp">
      <Filter>Source Files\platform</Filter>
    </ClCompile>
    <ClCompile Include="src\platform\PlatformInterface.cpp">
      <Filter>Source Files\platform</Filter>
    </ClCompile>
    <ClCompile Include="src\main.cpp">
      <Filter>Source Files</Filter>
    </ClCompile>
    <ClCompile Include="src\Engine.cpp">
      <Filter>Source Files</Filter>
    </ClCompile>
    <ClCompile Include="src\thirdparty\glad\glad.c">
      <Filter>Source Files\thirdparty\glad</Filter>
    </ClCompile>
  </ItemGroup>
  <ItemGroup>
    <ClInclude Include="src\platform\PlatformFriendInterface.h">
      <Filter>Header Files\platform</Filter>
    </ClInclude>
    <ClInclude Include="src\platform\PlatformInterface.h">
      <Filter>Header Files\platform</Filter>
    </ClInclude>
    <ClInclude Include="src\Engine.h">
      <Filter>Header Files</Filter>
    </ClInclude>
  </ItemGroup>
</Project>