<?xml version="1.0" encoding="utf-8"?>
<Project ToolsVersion="4.0" xmlns="http://schemas.microsoft.com/developer/msbuild/2003">
  <ItemGroup>
    <Filter Include="Source Files">
      <UniqueIdentifier>{4FC737F1-C7A5-4376-A066-2A32D752A2FF}</UniqueIdentifier>
      <Extensions>cpp;c;cc;cxx;def;odl;idl;hpj;bat;asm;asmx</Extensions>
    </Filter>
    <Filter Include="Header Files">
      <UniqueIdentifier>{93995380-89BD-4b04-88EB-625FBE52EBFB}</UniqueIdentifier>
      <Extensions>h;hh;hpp;hxx;hm;inl;inc;ipp;xsd</Extensions>
    </Filter>
    <Filter Include="Resource Files">
      <UniqueIdentifier>{67DA6AB6-F800-4c08-8B7A-83BB121AAD01}</UniqueIdentifier>
      <Extensions>rc;ico;cur;bmp;dlg;rc2;rct;bin;rgs;gif;jpg;jpeg;jpe;resx;tiff;tif;png;wav;mfcribbon-ms</Extensions>
    </Filter>
    <Filter Include="Header Files\platform">
      <UniqueIdentifier>{10c238cc-72cc-454a-a045-9140bc9c05e2}</UniqueIdentifier>
    </Filter>
    <Filter Include="Source Files\platform">
      <UniqueIdentifier>{9b228390-0074-49c8-badb-48fc7567d70a}</UniqueIdentifier>
    </Filter>
    <Filter Include="Source Files\thirdparty">
      <UniqueIdentifier>{f2dc4115-4d60-42ff-b153-f1485107eff0}</UniqueIdentifier>
    </Filter>
    <Filter Include="Source Files\thirdparty\glad">
      <UniqueIdentifier>{056b2fb4-7371-4e37-95c1-77306290fc8a}</UniqueIdentifier>
    </Filter>
    <Filter Include="Source Files\graphics">
      <UniqueIdentifier>{d15fda8c-76d4-4799-afe8-dac312b4d447}</UniqueIdentifier>
    </Filter>
    <Filter Include="Header Files\graphics">
      <UniqueIdentifier>{81b3d682-115c-4fa1-9fde-5c0744c16e42}</UniqueIdentifier>
    </Filter>
    <Filter Include="Resource Files\Shaders">
      <UniqueIdentifier>{b81ee635-f161-4bea-8b04-c3f5dda1960f}</UniqueIdentifier>
    </Filter>
    <Filter Include="Source Files\input">
      <UniqueIdentifier>{e87d8a2d-7d21-4778-a4b0-232b3c7da8d1}</UniqueIdentifier>
    </Filter>
    <Filter Include="Header Files\input">
      <UniqueIdentifier>{2f7a9af6-50e3-4c12-96b4-83fbf9836579}</UniqueIdentifier>
    </Filter>
    <Filter Include="Source Files\input\devices">
      <UniqueIdentifier>{ca838414-55f8-4f23-9d8d-88fb5fd68d32}</UniqueIdentifier>
    </Filter>
    <Filter Include="Header Files\input\devices">
      <UniqueIdentifier>{374ade33-e545-4ee8-87df-9c964b4dc922}</UniqueIdentifier>
    </Filter>
    <Filter Include="Header Files\input\utils">
      <UniqueIdentifier>{bc7d555a-6711-4500-b89e-ba932e523aad}</UniqueIdentifier>
    </Filter>
    <Filter Include="Header Files\core">
      <UniqueIdentifier>{f95dd1e2-e3b0-40c5-93f6-1fa504cbedb1}</UniqueIdentifier>
    </Filter>
    <Filter Include="Header Files\core\event">
      <UniqueIdentifier>{d72cef01-c76f-49d3-9b50-ab93ae7daa22}</UniqueIdentifier>
    </Filter>
    <Filter Include="Header Files\audio">
      <UniqueIdentifier>{9416c59a-2cc1-4787-885b-8c705341eb12}</UniqueIdentifier>
    </Filter>
    <Filter Include="Source Files\audio">
      <UniqueIdentifier>{a2300c75-731e-4a59-8886-a6c60925805f}</UniqueIdentifier>
    </Filter>
    <Filter Include="Source Files\thirdparty\ImGui">
      <UniqueIdentifier>{8917f186-74e1-4211-a2b1-7493d28f8289}</UniqueIdentifier>
    </Filter>
    <Filter Include="Header Files\thirdparty">
      <UniqueIdentifier>{884d86b4-342b-4c72-b6b8-9c0507300069}</UniqueIdentifier>
    </Filter>
    <Filter Include="Header Files\thirdparty\ImGui">
      <UniqueIdentifier>{e98e7790-8da8-4da4-9d92-d2dad5f03929}</UniqueIdentifier>
    </Filter>
    <Filter Include="Header Files\core\utils">
      <UniqueIdentifier>{4bf1484f-15fb-4703-b960-a012ba9001bc}</UniqueIdentifier>
    </Filter>
    <Filter Include="Source Files\core">
      <UniqueIdentifier>{24a56d3c-c692-4af2-b74f-f648581d5c8f}</UniqueIdentifier>
    </Filter>
    <Filter Include="Source Files\core\utils">
      <UniqueIdentifier>{ace0ea1e-a74a-4063-8751-27030ce7e4e4}</UniqueIdentifier>
    </Filter>
    <Filter Include="Header Files\core\config">
      <UniqueIdentifier>{a8d9eedb-9a48-4c20-9118-cb61b53cf487}</UniqueIdentifier>
    </Filter>
    <Filter Include="Source Files\core\config">
      <UniqueIdentifier>{5c4dface-c69e-4d4a-8893-0ff68dbcf05d}</UniqueIdentifier>
    </Filter>
    <Filter Include="Source Files\resources">
      <UniqueIdentifier>{bc8d0609-47d8-495d-9cde-bb2ed4c007f7}</UniqueIdentifier>
    </Filter>
    <Filter Include="Header Files\resources">
      <UniqueIdentifier>{748eed2c-7243-40c5-b65d-781bb248cd83}</UniqueIdentifier>
    </Filter>
    <Filter Include="Header Files\resources\loaders">
      <UniqueIdentifier>{12a6fbda-64b6-42e9-96b2-5cb067d58ac3}</UniqueIdentifier>
    </Filter>
    <Filter Include="Header Files\resources\resources">
      <UniqueIdentifier>{85fed265-a54e-4326-8e33-7b8ada6e3d82}</UniqueIdentifier>
    </Filter>
    <Filter Include="Source Files\resources\loaders">
      <UniqueIdentifier>{ef12e4b6-7074-49c9-8db6-d85d8c8031a6}</UniqueIdentifier>
    </Filter>
    <Filter Include="Source Files\resources\resources">
      <UniqueIdentifier>{a1728305-f7a1-46eb-a217-6f4f570f5a3f}</UniqueIdentifier>
    </Filter>
  </ItemGroup>
  <ItemGroup>
    <ClCompile Include="src\platform\PlatformFriendInterface.cpp">
      <Filter>Source Files\platform</Filter>
    </ClCompile>
    <ClCompile Include="src\platform\PlatformInterface.cpp">
      <Filter>Source Files\platform</Filter>
    </ClCompile>
    <ClCompile Include="src\main.cpp">
      <Filter>Source Files</Filter>
    </ClCompile>
    <ClCompile Include="src\Engine.cpp">
      <Filter>Source Files</Filter>
    </ClCompile>
    <ClCompile Include="src\thirdparty\glad\glad.c">
      <Filter>Source Files\thirdparty\glad</Filter>
    </ClCompile>
    <ClCompile Include="src\graphics\Renderer.cpp">
      <Filter>Source Files\graphics</Filter>
    </ClCompile>
    <ClCompile Include="src\input\InputManager.cpp">
      <Filter>Source Files\input</Filter>
    </ClCompile>
    <ClCompile Include="src\input\devices\Keyboard.cpp">
      <Filter>Source Files\input\devices</Filter>
    </ClCompile>
    <ClCompile Include="src\input\devices\Mouse.cpp">
      <Filter>Source Files\input\devices</Filter>
    </ClCompile>
    <ClCompile Include="src\input\devices\Controller.cpp">
      <Filter>Source Files\input\devices</Filter>
    </ClCompile>
    <ClCompile Include="src\input\InputEvent.cpp">
      <Filter>Source Files\input</Filter>
    </ClCompile>
    <ClCompile Include="src\audio\AudioEngine.cpp">
      <Filter>Source Files\audio</Filter>
    </ClCompile>
    <ClCompile Include="src\thirdparty\imgui-1.73\imgui_demo.cpp">
      <Filter>Source Files\thirdparty\ImGui</Filter>
    </ClCompile>
    <ClCompile Include="src\thirdparty\imgui-1.73\imgui_draw.cpp">
      <Filter>Source Files\thirdparty\ImGui</Filter>
    </ClCompile>
    <ClCompile Include="src\thirdparty\imgui-1.73\imgui_impl_glfw.cpp">
      <Filter>Source Files\thirdparty\ImGui</Filter>
    </ClCompile>
    <ClCompile Include="src\thirdparty\imgui-1.73\imgui_impl_opengl3.cpp">
      <Filter>Source Files\thirdparty\ImGui</Filter>
    </ClCompile>
    <ClCompile Include="src\thirdparty\imgui-1.73\imgui_widgets.cpp">
      <Filter>Source Files\thirdparty\ImGui</Filter>
    </ClCompile>
    <ClCompile Include="src\thirdparty\imgui-1.73\imgui.cpp">
      <Filter>Source Files\thirdparty\ImGui</Filter>
    </ClCompile>
    <ClCompile Include="src\core\utils\Utilities.cpp">
      <Filter>Source Files\core\utils</Filter>
    </ClCompile>
    <ClCompile Include="src\core\config\ConfigLoader.cpp">
      <Filter>Source Files\core\config</Filter>
    </ClCompile>
    <ClCompile Include="src\core\config\Config.cpp">
      <Filter>Source Files\core\config</Filter>
    </ClCompile>
    <ClCompile Include="src\resources\loaders\TextureLoader.cpp">
      <Filter>Source Files\resources\loaders</Filter>
    </ClCompile>
    <ClCompile Include="src\resources\loaders\ShaderLoader.cpp">
      <Filter>Source Files\resources\loaders</Filter>
    </ClCompile>
    <ClCompile Include="src\resources\resources\Shader.cpp">
      <Filter>Source Files\resources\resources</Filter>
    </ClCompile>
  </ItemGroup>
  <ItemGroup>
    <ClInclude Include="src\platform\PlatformFriendInterface.h">
      <Filter>Header Files\platform</Filter>
    </ClInclude>
    <ClInclude Include="src\platform\PlatformInterface.h">
      <Filter>Header Files\platform</Filter>
    </ClInclude>
    <ClInclude Include="src\Engine.h">
      <Filter>Header Files</Filter>
    </ClInclude>
    <ClInclude Include="src\graphics\Renderer.h">
      <Filter>Header Files\graphics</Filter>
    </ClInclude>
    <ClInclude Include="src\thirdparty\stb_image.h">
      <Filter>Source Files\thirdparty</Filter>
    </ClInclude>
    <ClInclude Include="src\input\InputManager.h">
      <Filter>Header Files\input</Filter>
    </ClInclude>
    <ClInclude Include="src\input\devices\Controller.h">
      <Filter>Header Files\input\devices</Filter>
    </ClInclude>
    <ClInclude Include="src\input\devices\Keyboard.h">
      <Filter>Header Files\input\devices</Filter>
    </ClInclude>
    <ClInclude Include="src\input\devices\Mouse.h">
      <Filter>Header Files\input\devices</Filter>
    </ClInclude>
    <ClInclude Include="src\input\InputEvent.h">
      <Filter>Header Files\input</Filter>
    </ClInclude>
    <ClInclude Include="src\input\utils\InputEnums.h">
      <Filter>Header Files\input\utils</Filter>
    </ClInclude>
    <ClInclude Include="src\input\utils\InputTypes.h">
      <Filter>Header Files\input\utils</Filter>
    </ClInclude>
    <ClInclude Include="src\core\event\Event.h">
      <Filter>Header Files\core\event</Filter>
    </ClInclude>
    <ClInclude Include="src\audio\AudioEngine.h">
      <Filter>Header Files\audio</Filter>
    </ClInclude>
    <ClInclude Include="src\thirdparty\imgui-1.73\imstb_rectpack.h">
      <Filter>Header Files\thirdparty\ImGui</Filter>
    </ClInclude>
    <ClInclude Include="src\thirdparty\imgui-1.73\imstb_textedit.h">
      <Filter>Header Files\thirdparty\ImGui</Filter>
    </ClInclude>
    <ClInclude Include="src\thirdparty\imgui-1.73\imstb_truetype.h">
      <Filter>Header Files\thirdparty\ImGui</Filter>
    </ClInclude>
    <ClInclude Include="src\thirdparty\imgui-1.73\imconfig.h">
      <Filter>Header Files\thirdparty\ImGui</Filter>
    </ClInclude>
    <ClInclude Include="src\thirdparty\imgui-1.73\imgui.h">
      <Filter>Header Files\thirdparty\ImGui</Filter>
    </ClInclude>
    <ClInclude Include="src\thirdparty\imgui-1.73\imgui_impl_glfw.h">
      <Filter>Header Files\thirdparty\ImGui</Filter>
    </ClInclude>
    <ClInclude Include="src\thirdparty\imgui-1.73\imgui_impl_opengl3.h">
      <Filter>Header Files\thirdparty\ImGui</Filter>
    </ClInclude>
    <ClInclude Include="src\thirdparty\imgui-1.73\imgui_internal.h">
      <Filter>Header Files\thirdparty\ImGui</Filter>
    </ClInclude>
    <ClInclude Include="src\core\utils\Utilities.h">
      <Filter>Header Files\core\utils</Filter>
    </ClInclude>
    <ClInclude Include="src\core\config\Config.h">
      <Filter>Header Files\core\config</Filter>
    </ClInclude>
    <ClInclude Include="src\core\config\ConfigLoader.h">
      <Filter>Header Files\core\config</Filter>
    </ClInclude>
    <ClInclude Include="src\resources\resources\Texture.h">
      <Filter>Header Files\resources\resources</Filter>
    </ClInclude>
    <ClInclude Include="src\resources\loaders\TextureLoader.h">
      <Filter>Header Files\resources\loaders</Filter>
    </ClInclude>
    <ClInclude Include="src\resources\loaders\ShaderLoader.h">
      <Filter>Header Files\resources\loaders</Filter>
    </ClInclude>
    <ClInclude Include="src\resources\resources\Shader.h">
      <Filter>Header Files\resources\resources</Filter>
    </ClInclude>
  </ItemGroup>
  <ItemGroup>
    <Text Include="Resources\Shaders\BasicFragment.glsl">
      <Filter>Resource Files\Shaders</Filter>
    </Text>
  </ItemGroup>
  <ItemGroup>
    <None Include="Resources\Shaders\BasicVertex.glsl" />
  </ItemGroup>
</Project>